
Microsoft Visual Studio Solution File, Format Version 12.00
# Visual Studio Version 16
VisualStudioVersion = 16.0.29021.104
MinimumVisualStudioVersion = 10.0.40219.1
Project("{8BC9CEB8-8B4A-11D0-8D11-00A0C91BC942}") = "Cpp(10)", "Cpp(10)\Cpp(10).vcxproj", "{0BA64D94-C68A-4793-B38A-DDD111004E74}"
EndProject
Global
	GlobalSection(SolutionConfigurationPlatforms) = preSolution
		Debug|x64 = Debug|x64
		Debug|x86 = Debug|x86
		Release|x64 = Release|x64
		Release|x86 = Release|x86
	EndGlobalSection
	GlobalSection(ProjectConfigurationPlatforms) = postSolution
		{0BA64D94-C68A-4793-B38A-DDD111004E74}.Debug|x64.ActiveCfg = Debug|x64
		{0BA64D94-C68A-4793-B38A-DDD111004E74}.Debug|x64.Build.0 = Debug|x64
		{0BA64D94-C68A-4793-B38A-DDD111004E74}.Debug|x86.ActiveCfg = Debug|Win32
		{0BA64D94-C68A-4793-B38A-DDD111004E74}.Debug|x86.Build.0 = Debug|Win32
		{0BA64D94-C68A-4793-B38A-DDD111004E74}.Release|x64.ActiveCfg = Release|x64
		{0BA64D94-C68A-4793-B38A-DDD111004E74}.Release|x64.Build.0 = Release|x64
		{0BA64D94-C68A-4793-B38A-DDD111004E74}.Release|x86.ActiveCfg = Release|Win32
		{0BA64D94-C68A-4793-B38A-DDD111004E74}.Release|x86.Build.0 = Release|Win32
	EndGlobalSection
	GlobalSection(SolutionProperties) = preSolution
		HideSolutionNode = FALSE
	EndGlobalSection
	GlobalSection(ExtensibilityGlobals) = postSolution
		SolutionGuid = {40E00E12-6331-41F4-AD8E-DC6C2242B561}
	EndGlobalSection
EndGlobal
