
Microsoft Visual Studio Solution File, Format Version 12.00
# Visual Studio Version 16
VisualStudioVersion = 16.0.29021.104
MinimumVisualStudioVersion = 10.0.40219.1
Project("{8BC9CEB8-8B4A-11D0-8D11-00A0C91BC942}") = "Cpp(29)", "Cpp(29)\Cpp(29).vcxproj", "{4AA152EC-166C-4990-BA93-95B1192FA5BA}"
EndProject
Global
	GlobalSection(SolutionConfigurationPlatforms) = preSolution
		Debug|x64 = Debug|x64
		Debug|x86 = Debug|x86
		Release|x64 = Release|x64
		Release|x86 = Release|x86
	EndGlobalSection
	GlobalSection(ProjectConfigurationPlatforms) = postSolution
		{4AA152EC-166C-4990-BA93-95B1192FA5BA}.Debug|x64.ActiveCfg = Debug|x64
		{4AA152EC-166C-4990-BA93-95B1192FA5BA}.Debug|x64.Build.0 = Debug|x64
		{4AA152EC-166C-4990-BA93-95B1192FA5BA}.Debug|x86.ActiveCfg = Debug|Win32
		{4AA152EC-166C-4990-BA93-95B1192FA5BA}.Debug|x86.Build.0 = Debug|Win32
		{4AA152EC-166C-4990-BA93-95B1192FA5BA}.Release|x64.ActiveCfg = Release|x64
		{4AA152EC-166C-4990-BA93-95B1192FA5BA}.Release|x64.Build.0 = Release|x64
		{4AA152EC-166C-4990-BA93-95B1192FA5BA}.Release|x86.ActiveCfg = Release|Win32
		{4AA152EC-166C-4990-BA93-95B1192FA5BA}.Release|x86.Build.0 = Release|Win32
	EndGlobalSection
	GlobalSection(SolutionProperties) = preSolution
		HideSolutionNode = FALSE
	EndGlobalSection
	GlobalSection(ExtensibilityGlobals) = postSolution
		SolutionGuid = {271E1BB1-8D11-430B-B3DF-1AAFB37512A5}
	EndGlobalSection
EndGlobal
