
Microsoft Visual Studio Solution File, Format Version 12.00
# Visual Studio Version 16
VisualStudioVersion = 16.0.29021.104
MinimumVisualStudioVersion = 10.0.40219.1
Project("{8BC9CEB8-8B4A-11D0-8D11-00A0C91BC942}") = "Cpp(20)", "Cpp(20)\Cpp(20).vcxproj", "{D9050778-26ED-42F2-ABBA-764E9049E9C0}"
EndProject
Global
	GlobalSection(SolutionConfigurationPlatforms) = preSolution
		Debug|x64 = Debug|x64
		Debug|x86 = Debug|x86
		Release|x64 = Release|x64
		Release|x86 = Release|x86
	EndGlobalSection
	GlobalSection(ProjectConfigurationPlatforms) = postSolution
		{D9050778-26ED-42F2-ABBA-764E9049E9C0}.Debug|x64.ActiveCfg = Debug|x64
		{D9050778-26ED-42F2-ABBA-764E9049E9C0}.Debug|x64.Build.0 = Debug|x64
		{D9050778-26ED-42F2-ABBA-764E9049E9C0}.Debug|x86.ActiveCfg = Debug|Win32
		{D9050778-26ED-42F2-ABBA-764E9049E9C0}.Debug|x86.Build.0 = Debug|Win32
		{D9050778-26ED-42F2-ABBA-764E9049E9C0}.Release|x64.ActiveCfg = Release|x64
		{D9050778-26ED-42F2-ABBA-764E9049E9C0}.Release|x64.Build.0 = Release|x64
		{D9050778-26ED-42F2-ABBA-764E9049E9C0}.Release|x86.ActiveCfg = Release|Win32
		{D9050778-26ED-42F2-ABBA-764E9049E9C0}.Release|x86.Build.0 = Release|Win32
	EndGlobalSection
	GlobalSection(SolutionProperties) = preSolution
		HideSolutionNode = FALSE
	EndGlobalSection
	GlobalSection(ExtensibilityGlobals) = postSolution
		SolutionGuid = {B81CC6D5-680E-417A-B5E3-2BB57224DAA5}
	EndGlobalSection
EndGlobal
